
Microsoft Visual Studio Solution File, Format Version 12.00
# Visual Studio Version 16
VisualStudioVersion = 16.0.809.6
MinimumVisualStudioVersion = 10.0.40219.1
Project("{FAE04EC0-301F-11D3-BF4B-00C04F79EFBC}") = "Week1Day1Night", "Week1Day1Night\Week1Day1Night.csproj", "{605C9688-9BD1-4A10-A5DA-70A0FAC3C335}"
EndProject
Global
	GlobalSection(SolutionConfigurationPlatforms) = preSolution
		Debug|Any CPU = Debug|Any CPU
		Release|Any CPU = Release|Any CPU
	EndGlobalSection
	GlobalSection(ProjectConfigurationPlatforms) = postSolution
		{605C9688-9BD1-4A10-A5DA-70A0FAC3C335}.Debug|Any CPU.ActiveCfg = Debug|Any CPU
		{605C9688-9BD1-4A10-A5DA-70A0FAC3C335}.Debug|Any CPU.Build.0 = Debug|Any CPU
		{605C9688-9BD1-4A10-A5DA-70A0FAC3C335}.Release|Any CPU.ActiveCfg = Release|Any CPU
		{605C9688-9BD1-4A10-A5DA-70A0FAC3C335}.Release|Any CPU.Build.0 = Release|Any CPU
	EndGlobalSection
	GlobalSection(SolutionProperties) = preSolution
		HideSolutionNode = FALSE
	EndGlobalSection
	GlobalSection(ExtensibilityGlobals) = postSolution
		SolutionGuid = {974B1DF0-8040-491E-B9C4-FFDA0963D11C}
	EndGlobalSection
EndGlobal
