
Microsoft Visual Studio Solution File, Format Version 12.00
# Visual Studio Version 16
VisualStudioVersion = 16.0.809.7
MinimumVisualStudioVersion = 10.0.40219.1
Project("{FAE04EC0-301F-11D3-BF4B-00C04F79EFBC}") = "Week2Day4", "Week2Day4\Week2Day4.csproj", "{EE9A7ABE-FE26-4961-B286-5532B3B2CC00}"
EndProject
Global
	GlobalSection(SolutionConfigurationPlatforms) = preSolution
		Debug|Any CPU = Debug|Any CPU
		Release|Any CPU = Release|Any CPU
	EndGlobalSection
	GlobalSection(ProjectConfigurationPlatforms) = postSolution
		{EE9A7ABE-FE26-4961-B286-5532B3B2CC00}.Debug|Any CPU.ActiveCfg = Debug|Any CPU
		{EE9A7ABE-FE26-4961-B286-5532B3B2CC00}.Debug|Any CPU.Build.0 = Debug|Any CPU
		{EE9A7ABE-FE26-4961-B286-5532B3B2CC00}.Release|Any CPU.ActiveCfg = Release|Any CPU
		{EE9A7ABE-FE26-4961-B286-5532B3B2CC00}.Release|Any CPU.Build.0 = Release|Any CPU
	EndGlobalSection
	GlobalSection(SolutionProperties) = preSolution
		HideSolutionNode = FALSE
	EndGlobalSection
	GlobalSection(ExtensibilityGlobals) = postSolution
		SolutionGuid = {A3FE98DC-80CD-4304-9823-A11D0A1D5598}
	EndGlobalSection
EndGlobal
